// !$*UTF8*$!
{
	archiveVersion = 1;
	classes = {
	};
	objectVersion = 46;
	objects = {

/* Begin PBXBuildFile section */
		4026E49A1A9D21F70036995F /* Alarm.m in Sources */ = {isa = PBXBuildFile; fileRef = 4026E4991A9D21F70036995F /* Alarm.m */; };
		408483D31A9D060800C8B0B4 /* main.m in Sources */ = {isa = PBXBuildFile; fileRef = 408483D21A9D060800C8B0B4 /* main.m */; };
		408483D61A9D060800C8B0B4 /* AppDelegate.m in Sources */ = {isa = PBXBuildFile; fileRef = 408483D51A9D060800C8B0B4 /* AppDelegate.m */; };
		408483DC1A9D060800C8B0B4 /* Main.storyboard in Resources */ = {isa = PBXBuildFile; fileRef = 408483DA1A9D060800C8B0B4 /* Main.storyboard */; };
		408483DE1A9D060800C8B0B4 /* Images.xcassets in Resources */ = {isa = PBXBuildFile; fileRef = 408483DD1A9D060800C8B0B4 /* Images.xcassets */; };
		408483E11A9D060800C8B0B4 /* LaunchScreen.xib in Resources */ = {isa = PBXBuildFile; fileRef = 408483DF1A9D060800C8B0B4 /* LaunchScreen.xib */; };
		408483ED1A9D060800C8B0B4 /* ExerciseTests.m in Sources */ = {isa = PBXBuildFile; fileRef = 408483EC1A9D060800C8B0B4 /* ExerciseTests.m */; };
		408483FC1A9D07ED00C8B0B4 /* AlarmView.m in Sources */ = {isa = PBXBuildFile; fileRef = 408483FB1A9D07ED00C8B0B4 /* AlarmView.m */; };
		408484001A9D0B9600C8B0B4 /* AlarmViewController.m in Sources */ = {isa = PBXBuildFile; fileRef = 408483FF1A9D0B9600C8B0B4 /* AlarmViewController.m */; };
		4084840A1A9D15AB00C8B0B4 /* SettingsViewController.m in Sources */ = {isa = PBXBuildFile; fileRef = 408484091A9D15AB00C8B0B4 /* SettingsViewController.m */; };
		4084840D1A9D15BF00C8B0B4 /* DangerViewController.m in Sources */ = {isa = PBXBuildFile; fileRef = 4084840C1A9D15BF00C8B0B4 /* DangerViewController.m */; };
		43CEDBEB1ED887C600CE673F /* AlarmState.swift in Sources */ = {isa = PBXBuildFile; fileRef = 43CEDBEA1ED887C600CE673F /* AlarmState.swift */; };
		43CEDBED1ED88A5900CE673F /* AlarmSubscriber.swift in Sources */ = {isa = PBXBuildFile; fileRef = 43CEDBEC1ED88A5900CE673F /* AlarmSubscriber.swift */; };
		43CEDBEF1ED88B1300CE673F /* AlarmDefaults.swift in Sources */ = {isa = PBXBuildFile; fileRef = 43CEDBEE1ED88B1300CE673F /* AlarmDefaults.swift */; };
		43CEDBF11ED8940400CE673F /* AppForegroundState.swift in Sources */ = {isa = PBXBuildFile; fileRef = 43CEDBF01ED8940400CE673F /* AppForegroundState.swift */; };
/* End PBXBuildFile section */

/* Begin PBXContainerItemProxy section */
		408483E71A9D060800C8B0B4 /* PBXContainerItemProxy */ = {
			isa = PBXContainerItemProxy;
			containerPortal = 408483C51A9D060800C8B0B4 /* Project object */;
			proxyType = 1;
			remoteGlobalIDString = 408483CC1A9D060800C8B0B4;
			remoteInfo = Exercise;
		};
/* End PBXContainerItemProxy section */

/* Begin PBXFileReference section */
		4026E4981A9D21F70036995F /* Alarm.h */ = {isa = PBXFileReference; fileEncoding = 4; lastKnownFileType = sourcecode.c.h; path = Alarm.h; sourceTree = "<group>"; };
		4026E4991A9D21F70036995F /* Alarm.m */ = {isa = PBXFileReference; fileEncoding = 4; lastKnownFileType = sourcecode.c.objc; path = Alarm.m; sourceTree = "<group>"; };
		408483CD1A9D060800C8B0B4 /* Exercise.app */ = {isa = PBXFileReference; explicitFileType = wrapper.application; includeInIndex = 0; path = Exercise.app; sourceTree = BUILT_PRODUCTS_DIR; };
		408483D11A9D060800C8B0B4 /* Info.plist */ = {isa = PBXFileReference; lastKnownFileType = text.plist.xml; path = Info.plist; sourceTree = "<group>"; };
		408483D21A9D060800C8B0B4 /* main.m */ = {isa = PBXFileReference; lastKnownFileType = sourcecode.c.objc; path = main.m; sourceTree = "<group>"; };
		408483D41A9D060800C8B0B4 /* AppDelegate.h */ = {isa = PBXFileReference; lastKnownFileType = sourcecode.c.h; path = AppDelegate.h; sourceTree = "<group>"; };
		408483D51A9D060800C8B0B4 /* AppDelegate.m */ = {isa = PBXFileReference; lastKnownFileType = sourcecode.c.objc; path = AppDelegate.m; sourceTree = "<group>"; };
		408483DB1A9D060800C8B0B4 /* Base */ = {isa = PBXFileReference; lastKnownFileType = file.storyboard; name = Base; path = Base.lproj/Main.storyboard; sourceTree = "<group>"; };
		408483DD1A9D060800C8B0B4 /* Images.xcassets */ = {isa = PBXFileReference; lastKnownFileType = folder.assetcatalog; path = Images.xcassets; sourceTree = "<group>"; };
		408483E01A9D060800C8B0B4 /* Base */ = {isa = PBXFileReference; lastKnownFileType = file.xib; name = Base; path = Base.lproj/LaunchScreen.xib; sourceTree = "<group>"; };
		408483E61A9D060800C8B0B4 /* ExerciseTests.xctest */ = {isa = PBXFileReference; explicitFileType = wrapper.cfbundle; includeInIndex = 0; path = ExerciseTests.xctest; sourceTree = BUILT_PRODUCTS_DIR; };
		408483EB1A9D060800C8B0B4 /* Info.plist */ = {isa = PBXFileReference; lastKnownFileType = text.plist.xml; path = Info.plist; sourceTree = "<group>"; };
		408483EC1A9D060800C8B0B4 /* ExerciseTests.m */ = {isa = PBXFileReference; lastKnownFileType = sourcecode.c.objc; path = ExerciseTests.m; sourceTree = "<group>"; };
		408483FA1A9D07ED00C8B0B4 /* AlarmView.h */ = {isa = PBXFileReference; fileEncoding = 4; lastKnownFileType = sourcecode.c.h; path = AlarmView.h; sourceTree = "<group>"; };
		408483FB1A9D07ED00C8B0B4 /* AlarmView.m */ = {isa = PBXFileReference; fileEncoding = 4; lastKnownFileType = sourcecode.c.objc; path = AlarmView.m; sourceTree = "<group>"; };
		408483FE1A9D0B9600C8B0B4 /* AlarmViewController.h */ = {isa = PBXFileReference; fileEncoding = 4; lastKnownFileType = sourcecode.c.h; path = AlarmViewController.h; sourceTree = "<group>"; };
		408483FF1A9D0B9600C8B0B4 /* AlarmViewController.m */ = {isa = PBXFileReference; fileEncoding = 4; lastKnownFileType = sourcecode.c.objc; path = AlarmViewController.m; sourceTree = "<group>"; };
		408484081A9D15AB00C8B0B4 /* SettingsViewController.h */ = {isa = PBXFileReference; fileEncoding = 4; lastKnownFileType = sourcecode.c.h; path = SettingsViewController.h; sourceTree = "<group>"; };
		408484091A9D15AB00C8B0B4 /* SettingsViewController.m */ = {isa = PBXFileReference; fileEncoding = 4; lastKnownFileType = sourcecode.c.objc; path = SettingsViewController.m; sourceTree = "<group>"; };
		4084840B1A9D15BF00C8B0B4 /* DangerViewController.h */ = {isa = PBXFileReference; fileEncoding = 4; lastKnownFileType = sourcecode.c.h; path = DangerViewController.h; sourceTree = "<group>"; };
		4084840C1A9D15BF00C8B0B4 /* DangerViewController.m */ = {isa = PBXFileReference; fileEncoding = 4; lastKnownFileType = sourcecode.c.objc; path = DangerViewController.m; sourceTree = "<group>"; };
		40FA92251ADDB120000BAC27 /* README.markdown */ = {isa = PBXFileReference; lastKnownFileType = net.daringfireball.markdown; path = README.markdown; sourceTree = SOURCE_ROOT; };
		43CEDBE91ED887C600CE673F /* Exercise-Bridging-Header.h */ = {isa = PBXFileReference; lastKnownFileType = sourcecode.c.h; path = "Exercise-Bridging-Header.h"; sourceTree = "<group>"; };
		43CEDBEA1ED887C600CE673F /* AlarmState.swift */ = {isa = PBXFileReference; fileEncoding = 4; lastKnownFileType = sourcecode.swift; path = AlarmState.swift; sourceTree = "<group>"; };
		43CEDBEC1ED88A5900CE673F /* AlarmSubscriber.swift */ = {isa = PBXFileReference; fileEncoding = 4; lastKnownFileType = sourcecode.swift; path = AlarmSubscriber.swift; sourceTree = "<group>"; };
		43CEDBEE1ED88B1300CE673F /* AlarmDefaults.swift */ = {isa = PBXFileReference; fileEncoding = 4; lastKnownFileType = sourcecode.swift; path = AlarmDefaults.swift; sourceTree = "<group>"; };
		43CEDBF01ED8940400CE673F /* AppForegroundState.swift */ = {isa = PBXFileReference; fileEncoding = 4; lastKnownFileType = sourcecode.swift; path = AppForegroundState.swift; sourceTree = "<group>"; };
/* End PBXFileReference section */

/* Begin PBXFrameworksBuildPhase section */
		408483CA1A9D060800C8B0B4 /* Frameworks */ = {
			isa = PBXFrameworksBuildPhase;
			buildActionMask = 2147483647;
			files = (
			);
			runOnlyForDeploymentPostprocessing = 0;
		};
		408483E31A9D060800C8B0B4 /* Frameworks */ = {
			isa = PBXFrameworksBuildPhase;
			buildActionMask = 2147483647;
			files = (
			);
			runOnlyForDeploymentPostprocessing = 0;
		};
/* End PBXFrameworksBuildPhase section */

/* Begin PBXGroup section */
		4026E4971A9D21E20036995F /* Alarm */ = {
			isa = PBXGroup;
			children = (
				4026E4981A9D21F70036995F /* Alarm.h */,
				4026E4991A9D21F70036995F /* Alarm.m */,
			);
			name = Alarm;
			sourceTree = "<group>";
		};
		408483C41A9D060800C8B0B4 = {
			isa = PBXGroup;
			children = (
				408483CF1A9D060800C8B0B4 /* Exercise */,
				408483E91A9D060800C8B0B4 /* ExerciseTests */,
				408483CE1A9D060800C8B0B4 /* Products */,
			);
			sourceTree = "<group>";
		};
		408483CE1A9D060800C8B0B4 /* Products */ = {
			isa = PBXGroup;
			children = (
				408483CD1A9D060800C8B0B4 /* Exercise.app */,
				408483E61A9D060800C8B0B4 /* ExerciseTests.xctest */,
			);
			name = Products;
			sourceTree = "<group>";
		};
		408483CF1A9D060800C8B0B4 /* Exercise */ = {
			isa = PBXGroup;
			children = (
				43CEDBE81ED887B100CE673F /* AlarmState */,
				40FA92251ADDB120000BAC27 /* README.markdown */,
				408483F61A9D061500C8B0B4 /* Application */,
				408483F71A9D061A00C8B0B4 /* View Controllers */,
				408483F81A9D07C400C8B0B4 /* Views */,
				4026E4971A9D21E20036995F /* Alarm */,
				408483D01A9D060800C8B0B4 /* Supporting Files */,
			);
			path = Exercise;
			sourceTree = "<group>";
		};
		408483D01A9D060800C8B0B4 /* Supporting Files */ = {
			isa = PBXGroup;
			children = (
				408483DA1A9D060800C8B0B4 /* Main.storyboard */,
				408483DD1A9D060800C8B0B4 /* Images.xcassets */,
				408483DF1A9D060800C8B0B4 /* LaunchScreen.xib */,
				408483D11A9D060800C8B0B4 /* Info.plist */,
				408483D21A9D060800C8B0B4 /* main.m */,
			);
			name = "Supporting Files";
			sourceTree = "<group>";
		};
		408483E91A9D060800C8B0B4 /* ExerciseTests */ = {
			isa = PBXGroup;
			children = (
				408483EC1A9D060800C8B0B4 /* ExerciseTests.m */,
				408483EA1A9D060800C8B0B4 /* Supporting Files */,
			);
			path = ExerciseTests;
			sourceTree = "<group>";
		};
		408483EA1A9D060800C8B0B4 /* Supporting Files */ = {
			isa = PBXGroup;
			children = (
				408483EB1A9D060800C8B0B4 /* Info.plist */,
			);
			name = "Supporting Files";
			sourceTree = "<group>";
		};
		408483F61A9D061500C8B0B4 /* Application */ = {
			isa = PBXGroup;
			children = (
				408483D41A9D060800C8B0B4 /* AppDelegate.h */,
				408483D51A9D060800C8B0B4 /* AppDelegate.m */,
			);
			name = Application;
			sourceTree = "<group>";
		};
		408483F71A9D061A00C8B0B4 /* View Controllers */ = {
			isa = PBXGroup;
			children = (
				408484071A9D159300C8B0B4 /* Settings */,
				408484061A9D158B00C8B0B4 /* Danger */,
				408483FD1A9D0B8900C8B0B4 /* Alarm */,
			);
			name = "View Controllers";
			sourceTree = "<group>";
		};
		408483F81A9D07C400C8B0B4 /* Views */ = {
			isa = PBXGroup;
			children = (
				408483F91A9D07CA00C8B0B4 /* Alarm */,
			);
			name = Views;
			sourceTree = "<group>";
		};
		408483F91A9D07CA00C8B0B4 /* Alarm */ = {
			isa = PBXGroup;
			children = (
				408483FA1A9D07ED00C8B0B4 /* AlarmView.h */,
				408483FB1A9D07ED00C8B0B4 /* AlarmView.m */,
			);
			name = Alarm;
			sourceTree = "<group>";
		};
		408483FD1A9D0B8900C8B0B4 /* Alarm */ = {
			isa = PBXGroup;
			children = (
				408483FE1A9D0B9600C8B0B4 /* AlarmViewController.h */,
				408483FF1A9D0B9600C8B0B4 /* AlarmViewController.m */,
			);
			name = Alarm;
			sourceTree = "<group>";
		};
		408484061A9D158B00C8B0B4 /* Danger */ = {
			isa = PBXGroup;
			children = (
				4084840B1A9D15BF00C8B0B4 /* DangerViewController.h */,
				4084840C1A9D15BF00C8B0B4 /* DangerViewController.m */,
			);
			name = Danger;
			sourceTree = "<group>";
		};
		408484071A9D159300C8B0B4 /* Settings */ = {
			isa = PBXGroup;
			children = (
				408484081A9D15AB00C8B0B4 /* SettingsViewController.h */,
				408484091A9D15AB00C8B0B4 /* SettingsViewController.m */,
			);
			name = Settings;
			sourceTree = "<group>";
		};
		43CEDBE81ED887B100CE673F /* AlarmState */ = {
			isa = PBXGroup;
			children = (
				43CEDBE91ED887C600CE673F /* Exercise-Bridging-Header.h */,
				43CEDBEA1ED887C600CE673F /* AlarmState.swift */,
				43CEDBEC1ED88A5900CE673F /* AlarmSubscriber.swift */,
				43CEDBEE1ED88B1300CE673F /* AlarmDefaults.swift */,
				43CEDBF01ED8940400CE673F /* AppForegroundState.swift */,
			);
			name = AlarmState;
			sourceTree = "<group>";
		};
/* End PBXGroup section */

/* Begin PBXNativeTarget section */
		408483CC1A9D060800C8B0B4 /* Exercise */ = {
			isa = PBXNativeTarget;
			buildConfigurationList = 408483F01A9D060800C8B0B4 /* Build configuration list for PBXNativeTarget "Exercise" */;
			buildPhases = (
				408483C91A9D060800C8B0B4 /* Sources */,
				408483CA1A9D060800C8B0B4 /* Frameworks */,
				408483CB1A9D060800C8B0B4 /* Resources */,
			);
			buildRules = (
			);
			dependencies = (
			);
			name = Exercise;
			productName = Exercise;
			productReference = 408483CD1A9D060800C8B0B4 /* Exercise.app */;
			productType = "com.apple.product-type.application";
		};
		408483E51A9D060800C8B0B4 /* ExerciseTests */ = {
			isa = PBXNativeTarget;
			buildConfigurationList = 408483F31A9D060800C8B0B4 /* Build configuration list for PBXNativeTarget "ExerciseTests" */;
			buildPhases = (
				408483E21A9D060800C8B0B4 /* Sources */,
				408483E31A9D060800C8B0B4 /* Frameworks */,
				408483E41A9D060800C8B0B4 /* Resources */,
			);
			buildRules = (
			);
			dependencies = (
				408483E81A9D060800C8B0B4 /* PBXTargetDependency */,
			);
			name = ExerciseTests;
			productName = ExerciseTests;
			productReference = 408483E61A9D060800C8B0B4 /* ExerciseTests.xctest */;
			productType = "com.apple.product-type.bundle.unit-test";
		};
/* End PBXNativeTarget section */

/* Begin PBXProject section */
		408483C51A9D060800C8B0B4 /* Project object */ = {
			isa = PBXProject;
			attributes = {
				LastUpgradeCheck = 0610;
				ORGANIZATIONNAME = "Ender Labs";
				TargetAttributes = {
					408483CC1A9D060800C8B0B4 = {
						CreatedOnToolsVersion = 6.1.1;
						LastSwiftMigration = 0820;
					};
					408483E51A9D060800C8B0B4 = {
						CreatedOnToolsVersion = 6.1.1;
						TestTargetID = 408483CC1A9D060800C8B0B4;
					};
				};
			};
			buildConfigurationList = 408483C81A9D060800C8B0B4 /* Build configuration list for PBXProject "Exercise" */;
			compatibilityVersion = "Xcode 3.2";
			developmentRegion = English;
			hasScannedForEncodings = 0;
			knownRegions = (
				en,
				Base,
			);
			mainGroup = 408483C41A9D060800C8B0B4;
			productRefGroup = 408483CE1A9D060800C8B0B4 /* Products */;
			projectDirPath = "";
			projectRoot = "";
			targets = (
				408483CC1A9D060800C8B0B4 /* Exercise */,
				408483E51A9D060800C8B0B4 /* ExerciseTests */,
			);
		};
/* End PBXProject section */

/* Begin PBXResourcesBuildPhase section */
		408483CB1A9D060800C8B0B4 /* Resources */ = {
			isa = PBXResourcesBuildPhase;
			buildActionMask = 2147483647;
			files = (
				408483DC1A9D060800C8B0B4 /* Main.storyboard in Resources */,
				408483E11A9D060800C8B0B4 /* LaunchScreen.xib in Resources */,
				408483DE1A9D060800C8B0B4 /* Images.xcassets in Resources */,
			);
			runOnlyForDeploymentPostprocessing = 0;
		};
		408483E41A9D060800C8B0B4 /* Resources */ = {
			isa = PBXResourcesBuildPhase;
			buildActionMask = 2147483647;
			files = (
			);
			runOnlyForDeploymentPostprocessing = 0;
		};
/* End PBXResourcesBuildPhase section */

/* Begin PBXSourcesBuildPhase section */
		408483C91A9D060800C8B0B4 /* Sources */ = {
			isa = PBXSourcesBuildPhase;
			buildActionMask = 2147483647;
			files = (
				408484001A9D0B9600C8B0B4 /* AlarmViewController.m in Sources */,
				43CEDBEF1ED88B1300CE673F /* AlarmDefaults.swift in Sources */,
				4026E49A1A9D21F70036995F /* Alarm.m in Sources */,
				408483D61A9D060800C8B0B4 /* AppDelegate.m in Sources */,
				43CEDBEB1ED887C600CE673F /* AlarmState.swift in Sources */,
				4084840A1A9D15AB00C8B0B4 /* SettingsViewController.m in Sources */,
				408483FC1A9D07ED00C8B0B4 /* AlarmView.m in Sources */,
				408483D31A9D060800C8B0B4 /* main.m in Sources */,
				43CEDBED1ED88A5900CE673F /* AlarmSubscriber.swift in Sources */,
				4084840D1A9D15BF00C8B0B4 /* DangerViewController.m in Sources */,
				43CEDBF11ED8940400CE673F /* AppForegroundState.swift in Sources */,
			);
			runOnlyForDeploymentPostprocessing = 0;
		};
		408483E21A9D060800C8B0B4 /* Sources */ = {
			isa = PBXSourcesBuildPhase;
			buildActionMask = 2147483647;
			files = (
				408483ED1A9D060800C8B0B4 /* ExerciseTests.m in Sources */,
			);
			runOnlyForDeploymentPostprocessing = 0;
		};
/* End PBXSourcesBuildPhase section */

/* Begin PBXTargetDependency section */
		408483E81A9D060800C8B0B4 /* PBXTargetDependency */ = {
			isa = PBXTargetDependency;
			target = 408483CC1A9D060800C8B0B4 /* Exercise */;
			targetProxy = 408483E71A9D060800C8B0B4 /* PBXContainerItemProxy */;
		};
/* End PBXTargetDependency section */

/* Begin PBXVariantGroup section */
		408483DA1A9D060800C8B0B4 /* Main.storyboard */ = {
			isa = PBXVariantGroup;
			children = (
				408483DB1A9D060800C8B0B4 /* Base */,
			);
			name = Main.storyboard;
			sourceTree = "<group>";
		};
		408483DF1A9D060800C8B0B4 /* LaunchScreen.xib */ = {
			isa = PBXVariantGroup;
			children = (
				408483E01A9D060800C8B0B4 /* Base */,
			);
			name = LaunchScreen.xib;
			sourceTree = "<group>";
		};
/* End PBXVariantGroup section */

/* Begin XCBuildConfiguration section */
		408483EE1A9D060800C8B0B4 /* Debug */ = {
			isa = XCBuildConfiguration;
			buildSettings = {
				ALWAYS_SEARCH_USER_PATHS = NO;
				CLANG_CXX_LANGUAGE_STANDARD = "gnu++0x";
				CLANG_CXX_LIBRARY = "libc++";
				CLANG_ENABLE_MODULES = YES;
				CLANG_ENABLE_OBJC_ARC = YES;
				CLANG_WARN_BOOL_CONVERSION = YES;
				CLANG_WARN_CONSTANT_CONVERSION = YES;
				CLANG_WARN_DIRECT_OBJC_ISA_USAGE = YES_ERROR;
				CLANG_WARN_EMPTY_BODY = YES;
				CLANG_WARN_ENUM_CONVERSION = YES;
				CLANG_WARN_INT_CONVERSION = YES;
				CLANG_WARN_OBJC_ROOT_CLASS = YES_ERROR;
				CLANG_WARN_UNREACHABLE_CODE = YES;
				CLANG_WARN__DUPLICATE_METHOD_MATCH = YES;
				"CODE_SIGN_IDENTITY[sdk=iphoneos*]" = "iPhone Developer";
				COPY_PHASE_STRIP = NO;
				ENABLE_STRICT_OBJC_MSGSEND = YES;
				GCC_C_LANGUAGE_STANDARD = gnu99;
				GCC_DYNAMIC_NO_PIC = NO;
				GCC_OPTIMIZATION_LEVEL = 0;
				GCC_PREPROCESSOR_DEFINITIONS = (
					"DEBUG=1",
					"$(inherited)",
				);
				GCC_SYMBOLS_PRIVATE_EXTERN = NO;
				GCC_WARN_64_TO_32_BIT_CONVERSION = YES;
				GCC_WARN_ABOUT_RETURN_TYPE = YES_ERROR;
				GCC_WARN_UNDECLARED_SELECTOR = YES;
				GCC_WARN_UNINITIALIZED_AUTOS = YES_AGGRESSIVE;
				GCC_WARN_UNUSED_FUNCTION = YES;
				GCC_WARN_UNUSED_VARIABLE = YES;
				IPHONEOS_DEPLOYMENT_TARGET = 8.1;
				MTL_ENABLE_DEBUG_INFO = YES;
				ONLY_ACTIVE_ARCH = YES;
				SDKROOT = iphoneos;
				TARGETED_DEVICE_FAMILY = "1,2";
			};
			name = Debug;
		};
		408483EF1A9D060800C8B0B4 /* Release */ = {
			isa = XCBuildConfiguration;
			buildSettings = {
				ALWAYS_SEARCH_USER_PATHS = NO;
				CLANG_CXX_LANGUAGE_STANDARD = "gnu++0x";
				CLANG_CXX_LIBRARY = "libc++";
				CLANG_ENABLE_MODULES = YES;
				CLANG_ENABLE_OBJC_ARC = YES;
				CLANG_WARN_BOOL_CONVERSION = YES;
				CLANG_WARN_CONSTANT_CONVERSION = YES;
				CLANG_WARN_DIRECT_OBJC_ISA_USAGE = YES_ERROR;
				CLANG_WARN_EMPTY_BODY = YES;
				CLANG_WARN_ENUM_CONVERSION = YES;
				CLANG_WARN_INT_CONVERSION = YES;
				CLANG_WARN_OBJC_ROOT_CLASS = YES_ERROR;
				CLANG_WARN_UNREACHABLE_CODE = YES;
				CLANG_WARN__DUPLICATE_METHOD_MATCH = YES;
				"CODE_SIGN_IDENTITY[sdk=iphoneos*]" = "iPhone Developer";
				COPY_PHASE_STRIP = YES;
				ENABLE_NS_ASSERTIONS = NO;
				ENABLE_STRICT_OBJC_MSGSEND = YES;
				GCC_C_LANGUAGE_STANDARD = gnu99;
				GCC_WARN_64_TO_32_BIT_CONVERSION = YES;
				GCC_WARN_ABOUT_RETURN_TYPE = YES_ERROR;
				GCC_WARN_UNDECLARED_SELECTOR = YES;
				GCC_WARN_UNINITIALIZED_AUTOS = YES_AGGRESSIVE;
				GCC_WARN_UNUSED_FUNCTION = YES;
				GCC_WARN_UNUSED_VARIABLE = YES;
				IPHONEOS_DEPLOYMENT_TARGET = 8.1;
				MTL_ENABLE_DEBUG_INFO = NO;
				SDKROOT = iphoneos;
				TARGETED_DEVICE_FAMILY = "1,2";
				VALIDATE_PRODUCT = YES;
			};
			name = Release;
		};
		408483F11A9D060800C8B0B4 /* Debug */ = {
			isa = XCBuildConfiguration;
			buildSettings = {
				ASSETCATALOG_COMPILER_APPICON_NAME = AppIcon;
				CLANG_ENABLE_MODULES = YES;
				INFOPLIST_FILE = Exercise/Info.plist;
				LD_RUNPATH_SEARCH_PATHS = "$(inherited) @executable_path/Frameworks";
				PRODUCT_NAME = "$(TARGET_NAME)";
				SWIFT_OBJC_BRIDGING_HEADER = "Exercise/Exercise-Bridging-Header.h";
				SWIFT_OPTIMIZATION_LEVEL = "-Onone";
				SWIFT_VERSION = 3.0;
			};
			name = Debug;
		};
		408483F21A9D060800C8B0B4 /* Release */ = {
			isa = XCBuildConfiguration;
			buildSettings = {
				ASSETCATALOG_COMPILER_APPICON_NAME = AppIcon;
				CLANG_ENABLE_MODULES = YES;
				INFOPLIST_FILE = Exercise/Info.plist;
				LD_RUNPATH_SEARCH_PATHS = "$(inherited) @executable_path/Frameworks";
				PRODUCT_NAME = "$(TARGET_NAME)";
				SWIFT_OBJC_BRIDGING_HEADER = "Exercise/Exercise-Bridging-Header.h";
				SWIFT_VERSION = 3.0;
			};
			name = Release;
		};
		408483F41A9D060800C8B0B4 /* Debug */ = {
			isa = XCBuildConfiguration;
			buildSettings = {
				ALWAYS_EMBED_SWIFT_STANDARD_LIBRARIES = YES;
				BUNDLE_LOADER = "$(TEST_HOST)";
				FRAMEWORK_SEARCH_PATHS = (
					"$(SDKROOT)/Developer/Library/Frameworks",
					"$(inherited)",
				);
				GCC_PREPROCESSOR_DEFINITIONS = (
					"DEBUG=1",
					"$(inherited)",
				);
				INFOPLIST_FILE = ExerciseTests/Info.plist;
				LD_RUNPATH_SEARCH_PATHS = "$(inherited) @executable_path/Frameworks @loader_path/Frameworks";
				PRODUCT_NAME = "$(TARGET_NAME)";
				TEST_HOST = "$(BUILT_PRODUCTS_DIR)/Exercise.app/Exercise";
			};
			name = Debug;
		};
		408483F51A9D060800C8B0B4 /* Release */ = {
			isa = XCBuildConfiguration;
			buildSettings = {
				ALWAYS_EMBED_SWIFT_STANDARD_LIBRARIES = YES;
				BUNDLE_LOADER = "$(TEST_HOST)";
				FRAMEWORK_SEARCH_PATHS = (
					"$(SDKROOT)/Developer/Library/Frameworks",
					"$(inherited)",
				);
				INFOPLIST_FILE = ExerciseTests/Info.plist;
				LD_RUNPATH_SEARCH_PATHS = "$(inherited) @executable_path/Frameworks @loader_path/Frameworks";
				PRODUCT_NAME = "$(TARGET_NAME)";
				TEST_HOST = "$(BUILT_PRODUCTS_DIR)/Exercise.app/Exercise";
			};
			name = Release;
		};
/* End XCBuildConfiguration section */

/* Begin XCConfigurationList section */
		408483C81A9D060800C8B0B4 /* Build configuration list for PBXProject "Exercise" */ = {
			isa = XCConfigurationList;
			buildConfigurations = (
				408483EE1A9D060800C8B0B4 /* Debug */,
				408483EF1A9D060800C8B0B4 /* Release */,
			);
			defaultConfigurationIsVisible = 0;
			defaultConfigurationName = Release;
		};
		408483F01A9D060800C8B0B4 /* Build configuration list for PBXNativeTarget "Exercise" */ = {
			isa = XCConfigurationList;
			buildConfigurations = (
				408483F11A9D060800C8B0B4 /* Debug */,
				408483F21A9D060800C8B0B4 /* Release */,
			);
			defaultConfigurationIsVisible = 0;
			defaultConfigurationName = Release;
		};
		408483F31A9D060800C8B0B4 /* Build configuration list for PBXNativeTarget "ExerciseTests" */ = {
			isa = XCConfigurationList;
			buildConfigurations = (
				408483F41A9D060800C8B0B4 /* Debug */,
				408483F51A9D060800C8B0B4 /* Release */,
			);
			defaultConfigurationIsVisible = 0;
			defaultConfigurationName = Release;
		};
/* End XCConfigurationList section */
	};
	rootObject = 408483C51A9D060800C8B0B4 /* Project object */;
}
